
Microsoft Visual Studio Solution File, Format Version 12.00
# Visual Studio Version 17
VisualStudioVersion = 17.0.31903.59
MinimumVisualStudioVersion = 10.0.40219.1
Project("{2150E333-8FDC-42A3-9474-1A3956D46DE8}") = "src", "src", "{998ACC8E-B1A3-4061-B8E6-5FE581F083A9}"
EndProject
Project("{FAE04EC0-301F-11D3-BF4B-00C04F79EFBC}") = "AmsiProvider", "src\AmsiProvider\AmsiProvider.csproj", "{183E5D40-654B-4516-B0F2-D9FF6AC1D63D}"
EndProject
Project("{FAE04EC0-301F-11D3-BF4B-00C04F79EFBC}") = "AmsiClient", "src\AmsiClient\AmsiClient.csproj", "{98CCBC7A-4B02-4CA3-AD5D-D81CF51EE23D}"
EndProject
Global
	GlobalSection(SolutionConfigurationPlatforms) = preSolution
		Debug|Any CPU = Debug|Any CPU
		Release|Any CPU = Release|Any CPU
	EndGlobalSection
	GlobalSection(SolutionProperties) = preSolution
		HideSolutionNode = FALSE
	EndGlobalSection
	GlobalSection(ProjectConfigurationPlatforms) = postSolution
		{183E5D40-654B-4516-B0F2-D9FF6AC1D63D}.Debug|Any CPU.ActiveCfg = Debug|Any CPU
		{183E5D40-654B-4516-B0F2-D9FF6AC1D63D}.Debug|Any CPU.Build.0 = Debug|Any CPU
		{183E5D40-654B-4516-B0F2-D9FF6AC1D63D}.Release|Any CPU.ActiveCfg = Release|Any CPU
		{183E5D40-654B-4516-B0F2-D9FF6AC1D63D}.Release|Any CPU.Build.0 = Release|Any CPU
		{98CCBC7A-4B02-4CA3-AD5D-D81CF51EE23D}.Debug|Any CPU.ActiveCfg = Debug|Any CPU
		{98CCBC7A-4B02-4CA3-AD5D-D81CF51EE23D}.Debug|Any CPU.Build.0 = Debug|Any CPU
		{98CCBC7A-4B02-4CA3-AD5D-D81CF51EE23D}.Release|Any CPU.ActiveCfg = Release|Any CPU
		{98CCBC7A-4B02-4CA3-AD5D-D81CF51EE23D}.Release|Any CPU.Build.0 = Release|Any CPU
	EndGlobalSection
	GlobalSection(NestedProjects) = preSolution
		{183E5D40-654B-4516-B0F2-D9FF6AC1D63D} = {998ACC8E-B1A3-4061-B8E6-5FE581F083A9}
		{98CCBC7A-4B02-4CA3-AD5D-D81CF51EE23D} = {998ACC8E-B1A3-4061-B8E6-5FE581F083A9}
	EndGlobalSection
EndGlobal
